
Microsoft Visual Studio Solution File, Format Version 12.00
# Visual Studio Version 16
VisualStudioVersion = 16.0.30907.101
MinimumVisualStudioVersion = 10.0.40219.1
Project("{FAE04EC0-301F-11D3-BF4B-00C04F79EFBC}") = "Deloitte.RepositoryPattern", "Deloitte.RepositoryPattern\Deloitte.RepositoryPattern.csproj", "{024AF7E0-27F2-4DE6-AE92-A59419C1D06B}"
EndProject
Project("{FAE04EC0-301F-11D3-BF4B-00C04F79EFBC}") = "Deloitte.Domain", "Deloitte.Domain\Deloitte.Domain.csproj", "{0590B417-7957-419F-9346-1A8C052E15C5}"
EndProject
Project("{FAE04EC0-301F-11D3-BF4B-00C04F79EFBC}") = "Deloitte.Services", "Deloitte.Services\Deloitte.Services.csproj", "{78E336E8-52FB-431E-82B6-F92611348175}"
EndProject
Global
	GlobalSection(SolutionConfigurationPlatforms) = preSolution
		Debug|Any CPU = Debug|Any CPU
		Release|Any CPU = Release|Any CPU
	EndGlobalSection
	GlobalSection(ProjectConfigurationPlatforms) = postSolution
		{024AF7E0-27F2-4DE6-AE92-A59419C1D06B}.Debug|Any CPU.ActiveCfg = Debug|Any CPU
		{024AF7E0-27F2-4DE6-AE92-A59419C1D06B}.Debug|Any CPU.Build.0 = Debug|Any CPU
		{024AF7E0-27F2-4DE6-AE92-A59419C1D06B}.Release|Any CPU.ActiveCfg = Release|Any CPU
		{024AF7E0-27F2-4DE6-AE92-A59419C1D06B}.Release|Any CPU.Build.0 = Release|Any CPU
		{0590B417-7957-419F-9346-1A8C052E15C5}.Debug|Any CPU.ActiveCfg = Debug|Any CPU
		{0590B417-7957-419F-9346-1A8C052E15C5}.Debug|Any CPU.Build.0 = Debug|Any CPU
		{0590B417-7957-419F-9346-1A8C052E15C5}.Release|Any CPU.ActiveCfg = Release|Any CPU
		{0590B417-7957-419F-9346-1A8C052E15C5}.Release|Any CPU.Build.0 = Release|Any CPU
		{78E336E8-52FB-431E-82B6-F92611348175}.Debug|Any CPU.ActiveCfg = Debug|Any CPU
		{78E336E8-52FB-431E-82B6-F92611348175}.Debug|Any CPU.Build.0 = Debug|Any CPU
		{78E336E8-52FB-431E-82B6-F92611348175}.Release|Any CPU.ActiveCfg = Release|Any CPU
		{78E336E8-52FB-431E-82B6-F92611348175}.Release|Any CPU.Build.0 = Release|Any CPU
	EndGlobalSection
	GlobalSection(SolutionProperties) = preSolution
		HideSolutionNode = FALSE
	EndGlobalSection
	GlobalSection(ExtensibilityGlobals) = postSolution
		SolutionGuid = {1131DCA4-E369-4955-A954-00073A041A2F}
	EndGlobalSection
EndGlobal
